// !$*UTF8*$!
{
	archiveVersion = 1;
	classes = {
	};
	objectVersion = 51;
	objects = {

/* Begin PBXBuildFile section */
		349659700DBA20FCFD366532 /* Pods_iOS_Week1_Exercise_Login.framework in Frameworks */ = {isa = PBXBuildFile; fileRef = 4E2DFE169092531CCCFF6462 /* Pods_iOS_Week1_Exercise_Login.framework */; };
		CC2A6928244AEA7F00379EA9 /* AppDelegate.swift in Sources */ = {isa = PBXBuildFile; fileRef = CC2A6927244AEA7F00379EA9 /* AppDelegate.swift */; };
		CC2A692A244AEA7F00379EA9 /* SceneDelegate.swift in Sources */ = {isa = PBXBuildFile; fileRef = CC2A6929244AEA7F00379EA9 /* SceneDelegate.swift */; };
		CC2A692C244AEA7F00379EA9 /* SignUpViewController.swift in Sources */ = {isa = PBXBuildFile; fileRef = CC2A692B244AEA7F00379EA9 /* SignUpViewController.swift */; };
		CC2A692F244AEA7F00379EA9 /* Main.storyboard in Resources */ = {isa = PBXBuildFile; fileRef = CC2A692D244AEA7F00379EA9 /* Main.storyboard */; };
		CC2A6931244AEA8200379EA9 /* Assets.xcassets in Resources */ = {isa = PBXBuildFile; fileRef = CC2A6930244AEA8200379EA9 /* Assets.xcassets */; };
		CC2A6934244AEA8200379EA9 /* LaunchScreen.storyboard in Resources */ = {isa = PBXBuildFile; fileRef = CC2A6932244AEA8200379EA9 /* LaunchScreen.storyboard */; };
		CC2A693C244AF1D100379EA9 /* LogoutViewController.swift in Sources */ = {isa = PBXBuildFile; fileRef = CC2A693B244AF1D100379EA9 /* LogoutViewController.swift */; };
		CC2A693E244AF67F00379EA9 /* LoginViewController.swift in Sources */ = {isa = PBXBuildFile; fileRef = CC2A693D244AF67F00379EA9 /* LoginViewController.swift */; };
		CCD627B4246FBBB700B6E6AF /* APIConstants.swift in Sources */ = {isa = PBXBuildFile; fileRef = CCD627B3246FBBB700B6E6AF /* APIConstants.swift */; };
		CCD627B6246FBE4F00B6E6AF /* SigninData.swift in Sources */ = {isa = PBXBuildFile; fileRef = CCD627B5246FBE4F00B6E6AF /* SigninData.swift */; };
		CCD627B8246FBFC400B6E6AF /* NetworkResult.swift in Sources */ = {isa = PBXBuildFile; fileRef = CCD627B7246FBFC400B6E6AF /* NetworkResult.swift */; };
		CCD627BA246FC57F00B6E6AF /* LoginService.swift in Sources */ = {isa = PBXBuildFile; fileRef = CCD627B9246FC57F00B6E6AF /* LoginService.swift */; };
/* End PBXBuildFile section */

/* Begin PBXFileReference section */
		4E2DFE169092531CCCFF6462 /* Pods_iOS_Week1_Exercise_Login.framework */ = {isa = PBXFileReference; explicitFileType = wrapper.framework; includeInIndex = 0; path = Pods_iOS_Week1_Exercise_Login.framework; sourceTree = BUILT_PRODUCTS_DIR; };
		4E674989BED31BCEC55105C0 /* Pods-iOS_Week1_Exercise_Login.debug.xcconfig */ = {isa = PBXFileReference; includeInIndex = 1; lastKnownFileType = text.xcconfig; name = "Pods-iOS_Week1_Exercise_Login.debug.xcconfig"; path = "Target Support Files/Pods-iOS_Week1_Exercise_Login/Pods-iOS_Week1_Exercise_Login.debug.xcconfig"; sourceTree = "<group>"; };
		6E8DF582EB3CCA5B78D044AF /* Pods-iOS_Week1_Exercise_Login.release.xcconfig */ = {isa = PBXFileReference; includeInIndex = 1; lastKnownFileType = text.xcconfig; name = "Pods-iOS_Week1_Exercise_Login.release.xcconfig"; path = "Target Support Files/Pods-iOS_Week1_Exercise_Login/Pods-iOS_Week1_Exercise_Login.release.xcconfig"; sourceTree = "<group>"; };
		CC2A6924244AEA7F00379EA9 /* iOS_Week1_Exercise_Login.app */ = {isa = PBXFileReference; explicitFileType = wrapper.application; includeInIndex = 0; path = iOS_Week1_Exercise_Login.app; sourceTree = BUILT_PRODUCTS_DIR; };
		CC2A6927244AEA7F00379EA9 /* AppDelegate.swift */ = {isa = PBXFileReference; lastKnownFileType = sourcecode.swift; path = AppDelegate.swift; sourceTree = "<group>"; };
		CC2A6929244AEA7F00379EA9 /* SceneDelegate.swift */ = {isa = PBXFileReference; lastKnownFileType = sourcecode.swift; path = SceneDelegate.swift; sourceTree = "<group>"; };
		CC2A692B244AEA7F00379EA9 /* SignUpViewController.swift */ = {isa = PBXFileReference; lastKnownFileType = sourcecode.swift; path = SignUpViewController.swift; sourceTree = "<group>"; };
		CC2A692E244AEA7F00379EA9 /* Base */ = {isa = PBXFileReference; lastKnownFileType = file.storyboard; name = Base; path = Base.lproj/Main.storyboard; sourceTree = "<group>"; };
		CC2A6930244AEA8200379EA9 /* Assets.xcassets */ = {isa = PBXFileReference; lastKnownFileType = folder.assetcatalog; path = Assets.xcassets; sourceTree = "<group>"; };
		CC2A6933244AEA8200379EA9 /* Base */ = {isa = PBXFileReference; lastKnownFileType = file.storyboard; name = Base; path = Base.lproj/LaunchScreen.storyboard; sourceTree = "<group>"; };
		CC2A6935244AEA8200379EA9 /* Info.plist */ = {isa = PBXFileReference; lastKnownFileType = text.plist.xml; path = Info.plist; sourceTree = "<group>"; };
		CC2A693B244AF1D100379EA9 /* LogoutViewController.swift */ = {isa = PBXFileReference; lastKnownFileType = sourcecode.swift; path = LogoutViewController.swift; sourceTree = "<group>"; };
		CC2A693D244AF67F00379EA9 /* LoginViewController.swift */ = {isa = PBXFileReference; lastKnownFileType = sourcecode.swift; path = LoginViewController.swift; sourceTree = "<group>"; };
		CCD627B3246FBBB700B6E6AF /* APIConstants.swift */ = {isa = PBXFileReference; lastKnownFileType = sourcecode.swift; path = APIConstants.swift; sourceTree = "<group>"; };
		CCD627B5246FBE4F00B6E6AF /* SigninData.swift */ = {isa = PBXFileReference; lastKnownFileType = sourcecode.swift; path = SigninData.swift; sourceTree = "<group>"; };
		CCD627B7246FBFC400B6E6AF /* NetworkResult.swift */ = {isa = PBXFileReference; lastKnownFileType = sourcecode.swift; path = NetworkResult.swift; sourceTree = "<group>"; };
		CCD627B9246FC57F00B6E6AF /* LoginService.swift */ = {isa = PBXFileReference; lastKnownFileType = sourcecode.swift; path = LoginService.swift; sourceTree = "<group>"; };
/* End PBXFileReference section */

/* Begin PBXFrameworksBuildPhase section */
		CC2A6921244AEA7F00379EA9 /* Frameworks */ = {
			isa = PBXFrameworksBuildPhase;
			buildActionMask = 2147483647;
			files = (
				349659700DBA20FCFD366532 /* Pods_iOS_Week1_Exercise_Login.framework in Frameworks */,
			);
			runOnlyForDeploymentPostprocessing = 0;
		};
/* End PBXFrameworksBuildPhase section */

/* Begin PBXGroup section */
		5358251427CF75479FCD770A /* Pods */ = {
			isa = PBXGroup;
			children = (
				4E674989BED31BCEC55105C0 /* Pods-iOS_Week1_Exercise_Login.debug.xcconfig */,
				6E8DF582EB3CCA5B78D044AF /* Pods-iOS_Week1_Exercise_Login.release.xcconfig */,
			);
			path = Pods;
			sourceTree = "<group>";
		};
		B4FC0AE0716C13BEBDC48EC5 /* Frameworks */ = {
			isa = PBXGroup;
			children = (
				4E2DFE169092531CCCFF6462 /* Pods_iOS_Week1_Exercise_Login.framework */,
			);
			name = Frameworks;
			sourceTree = "<group>";
		};
		CC2A691B244AEA7F00379EA9 = {
			isa = PBXGroup;
			children = (
				CC2A6926244AEA7F00379EA9 /* iOS_Week1_Exercise_Login */,
				CC2A6925244AEA7F00379EA9 /* Products */,
				5358251427CF75479FCD770A /* Pods */,
				B4FC0AE0716C13BEBDC48EC5 /* Frameworks */,
			);
			sourceTree = "<group>";
		};
		CC2A6925244AEA7F00379EA9 /* Products */ = {
			isa = PBXGroup;
			children = (
				CC2A6924244AEA7F00379EA9 /* iOS_Week1_Exercise_Login.app */,
			);
			name = Products;
			sourceTree = "<group>";
		};
		CC2A6926244AEA7F00379EA9 /* iOS_Week1_Exercise_Login */ = {
			isa = PBXGroup;
			children = (
				CCD627BB246FC59000B6E6AF /* Resource */,
				CC2A693F244AFD4E00379EA9 /* VC */,
				CC2A6927244AEA7F00379EA9 /* AppDelegate.swift */,
				CC2A6929244AEA7F00379EA9 /* SceneDelegate.swift */,
				CC2A692D244AEA7F00379EA9 /* Main.storyboard */,
				CC2A6930244AEA8200379EA9 /* Assets.xcassets */,
				CC2A6932244AEA8200379EA9 /* LaunchScreen.storyboard */,
				CC2A6935244AEA8200379EA9 /* Info.plist */,
			);
			path = iOS_Week1_Exercise_Login;
			sourceTree = "<group>";
		};
		CC2A693F244AFD4E00379EA9 /* VC */ = {
			isa = PBXGroup;
			children = (
				CC2A692B244AEA7F00379EA9 /* SignUpViewController.swift */,
				CC2A693B244AF1D100379EA9 /* LogoutViewController.swift */,
				CC2A693D244AF67F00379EA9 /* LoginViewController.swift */,
			);
			path = VC;
			sourceTree = "<group>";
		};
		CCD627BB246FC59000B6E6AF /* Resource */ = {
			isa = PBXGroup;
			children = (
				CCD627B3246FBBB700B6E6AF /* APIConstants.swift */,
				CCD627B5246FBE4F00B6E6AF /* SigninData.swift */,
				CCD627B7246FBFC400B6E6AF /* NetworkResult.swift */,
				CCD627B9246FC57F00B6E6AF /* LoginService.swift */,
			);
			path = Resource;
			sourceTree = "<group>";
		};
/* End PBXGroup section */

/* Begin PBXNativeTarget section */
		CC2A6923244AEA7F00379EA9 /* iOS_Week1_Exercise_Login */ = {
			isa = PBXNativeTarget;
			buildConfigurationList = CC2A6938244AEA8200379EA9 /* Build configuration list for PBXNativeTarget "iOS_Week1_Exercise_Login" */;
			buildPhases = (
				2524AC933647951BF76E8A5A /* [CP] Check Pods Manifest.lock */,
				CC2A6920244AEA7F00379EA9 /* Sources */,
				CC2A6921244AEA7F00379EA9 /* Frameworks */,
				CC2A6922244AEA7F00379EA9 /* Resources */,
				C6A05B0A0E0515B1F62A900B /* [CP] Embed Pods Frameworks */,
			);
			buildRules = (
			);
			dependencies = (
			);
			name = iOS_Week1_Exercise_Login;
			productName = iOS_Week1_Exercise_Login;
			productReference = CC2A6924244AEA7F00379EA9 /* iOS_Week1_Exercise_Login.app */;
			productType = "com.apple.product-type.application";
		};
/* End PBXNativeTarget section */

/* Begin PBXProject section */
		CC2A691C244AEA7F00379EA9 /* Project object */ = {
			isa = PBXProject;
			attributes = {
				LastSwiftUpdateCheck = 1140;
				LastUpgradeCheck = 1140;
				ORGANIZATIONNAME = "양지영";
				TargetAttributes = {
					CC2A6923244AEA7F00379EA9 = {
						CreatedOnToolsVersion = 11.4.1;
					};
				};
			};
			buildConfigurationList = CC2A691F244AEA7F00379EA9 /* Build configuration list for PBXProject "iOS_Week1_Exercise_Login" */;
			compatibilityVersion = "Xcode 9.3";
			developmentRegion = en;
			hasScannedForEncodings = 0;
			knownRegions = (
				en,
				Base,
			);
			mainGroup = CC2A691B244AEA7F00379EA9;
			productRefGroup = CC2A6925244AEA7F00379EA9 /* Products */;
			projectDirPath = "";
			projectRoot = "";
			targets = (
				CC2A6923244AEA7F00379EA9 /* iOS_Week1_Exercise_Login */,
			);
		};
/* End PBXProject section */

/* Begin PBXResourcesBuildPhase section */
		CC2A6922244AEA7F00379EA9 /* Resources */ = {
			isa = PBXResourcesBuildPhase;
			buildActionMask = 2147483647;
			files = (
				CC2A6934244AEA8200379EA9 /* LaunchScreen.storyboard in Resources */,
				CC2A6931244AEA8200379EA9 /* Assets.xcassets in Resources */,
				CC2A692F244AEA7F00379EA9 /* Main.storyboard in Resources */,
			);
			runOnlyForDeploymentPostprocessing = 0;
		};
/* End PBXResourcesBuildPhase section */

/* Begin PBXShellScriptBuildPhase section */
		2524AC933647951BF76E8A5A /* [CP] Check Pods Manifest.lock */ = {
			isa = PBXShellScriptBuildPhase;
			buildActionMask = 2147483647;
			files = (
			);
			inputFileListPaths = (
			);
			inputPaths = (
				"${PODS_PODFILE_DIR_PATH}/Podfile.lock",
				"${PODS_ROOT}/Manifest.lock",
			);
			name = "[CP] Check Pods Manifest.lock";
			outputFileListPaths = (
			);
			outputPaths = (
				"$(DERIVED_FILE_DIR)/Pods-iOS_Week1_Exercise_Login-checkManifestLockResult.txt",
			);
			runOnlyForDeploymentPostprocessing = 0;
			shellPath = /bin/sh;
			shellScript = "diff \"${PODS_PODFILE_DIR_PATH}/Podfile.lock\" \"${PODS_ROOT}/Manifest.lock\" > /dev/null\nif [ $? != 0 ] ; then\n    # print error to STDERR\n    echo \"error: The sandbox is not in sync with the Podfile.lock. Run 'pod install' or update your CocoaPods installation.\" >&2\n    exit 1\nfi\n# This output is used by Xcode 'outputs' to avoid re-running this script phase.\necho \"SUCCESS\" > \"${SCRIPT_OUTPUT_FILE_0}\"\n";
			showEnvVarsInLog = 0;
		};
		C6A05B0A0E0515B1F62A900B /* [CP] Embed Pods Frameworks */ = {
			isa = PBXShellScriptBuildPhase;
			buildActionMask = 2147483647;
			files = (
			);
			inputFileListPaths = (
				"${PODS_ROOT}/Target Support Files/Pods-iOS_Week1_Exercise_Login/Pods-iOS_Week1_Exercise_Login-frameworks-${CONFIGURATION}-input-files.xcfilelist",
			);
			name = "[CP] Embed Pods Frameworks";
			outputFileListPaths = (
				"${PODS_ROOT}/Target Support Files/Pods-iOS_Week1_Exercise_Login/Pods-iOS_Week1_Exercise_Login-frameworks-${CONFIGURATION}-output-files.xcfilelist",
			);
			runOnlyForDeploymentPostprocessing = 0;
			shellPath = /bin/sh;
			shellScript = "\"${PODS_ROOT}/Target Support Files/Pods-iOS_Week1_Exercise_Login/Pods-iOS_Week1_Exercise_Login-frameworks.sh\"\n";
			showEnvVarsInLog = 0;
		};
/* End PBXShellScriptBuildPhase section */

/* Begin PBXSourcesBuildPhase section */
		CC2A6920244AEA7F00379EA9 /* Sources */ = {
			isa = PBXSourcesBuildPhase;
			buildActionMask = 2147483647;
			files = (
				CC2A692C244AEA7F00379EA9 /* SignUpViewController.swift in Sources */,
				CC2A6928244AEA7F00379EA9 /* AppDelegate.swift in Sources */,
				CCD627B4246FBBB700B6E6AF /* APIConstants.swift in Sources */,
				CC2A693C244AF1D100379EA9 /* LogoutViewController.swift in Sources */,
				CCD627BA246FC57F00B6E6AF /* LoginService.swift in Sources */,
				CCD627B6246FBE4F00B6E6AF /* SigninData.swift in Sources */,
				CC2A693E244AF67F00379EA9 /* LoginViewController.swift in Sources */,
				CC2A692A244AEA7F00379EA9 /* SceneDelegate.swift in Sources */,
				CCD627B8246FBFC400B6E6AF /* NetworkResult.swift in Sources */,
			);
			runOnlyForDeploymentPostprocessing = 0;
		};
/* End PBXSourcesBuildPhase section */

/* Begin PBXVariantGroup section */
		CC2A692D244AEA7F00379EA9 /* Main.storyboard */ = {
			isa = PBXVariantGroup;
			children = (
				CC2A692E244AEA7F00379EA9 /* Base */,
			);
			name = Main.storyboard;
			sourceTree = "<group>";
		};
		CC2A6932244AEA8200379EA9 /* LaunchScreen.storyboard */ = {
			isa = PBXVariantGroup;
			children = (
				CC2A6933244AEA8200379EA9 /* Base */,
			);
			name = LaunchScreen.storyboard;
			sourceTree = "<group>";
		};
/* End PBXVariantGroup section */

/* Begin XCBuildConfiguration section */
		CC2A6936244AEA8200379EA9 /* Debug */ = {
			isa = XCBuildConfiguration;
			buildSettings = {
				ALWAYS_SEARCH_USER_PATHS = NO;
				CLANG_ANALYZER_NONNULL = YES;
				CLANG_ANALYZER_NUMBER_OBJECT_CONVERSION = YES_AGGRESSIVE;
				CLANG_CXX_LANGUAGE_STANDARD = "gnu++14";
				CLANG_CXX_LIBRARY = "libc++";
				CLANG_ENABLE_MODULES = YES;
				CLANG_ENABLE_OBJC_ARC = YES;
				CLANG_ENABLE_OBJC_WEAK = YES;
				CLANG_WARN_BLOCK_CAPTURE_AUTORELEASING = YES;
				CLANG_WARN_BOOL_CONVERSION = YES;
				CLANG_WARN_COMMA = YES;
				CLANG_WARN_CONSTANT_CONVERSION = YES;
				CLANG_WARN_DEPRECATED_OBJC_IMPLEMENTATIONS = YES;
				CLANG_WARN_DIRECT_OBJC_ISA_USAGE = YES_ERROR;
				CLANG_WARN_DOCUMENTATION_COMMENTS = YES;
				CLANG_WARN_EMPTY_BODY = YES;
				CLANG_WARN_ENUM_CONVERSION = YES;
				CLANG_WARN_INFINITE_RECURSION = YES;
				CLANG_WARN_INT_CONVERSION = YES;
				CLANG_WARN_NON_LITERAL_NULL_CONVERSION = YES;
				CLANG_WARN_OBJC_IMPLICIT_RETAIN_SELF = YES;
				CLANG_WARN_OBJC_LITERAL_CONVERSION = YES;
				CLANG_WARN_OBJC_ROOT_CLASS = YES_ERROR;
				CLANG_WARN_RANGE_LOOP_ANALYSIS = YES;
				CLANG_WARN_STRICT_PROTOTYPES = YES;
				CLANG_WARN_SUSPICIOUS_MOVE = YES;
				CLANG_WARN_UNGUARDED_AVAILABILITY = YES_AGGRESSIVE;
				CLANG_WARN_UNREACHABLE_CODE = YES;
				CLANG_WARN__DUPLICATE_METHOD_MATCH = YES;
				COPY_PHASE_STRIP = NO;
				DEBUG_INFORMATION_FORMAT = dwarf;
				ENABLE_STRICT_OBJC_MSGSEND = YES;
				ENABLE_TESTABILITY = YES;
				GCC_C_LANGUAGE_STANDARD = gnu11;
				GCC_DYNAMIC_NO_PIC = NO;
				GCC_NO_COMMON_BLOCKS = YES;
				GCC_OPTIMIZATION_LEVEL = 0;
				GCC_PREPROCESSOR_DEFINITIONS = (
					"DEBUG=1",
					"$(inherited)",
				);
				GCC_WARN_64_TO_32_BIT_CONVERSION = YES;
				GCC_WARN_ABOUT_RETURN_TYPE = YES_ERROR;
				GCC_WARN_UNDECLARED_SELECTOR = YES;
				GCC_WARN_UNINITIALIZED_AUTOS = YES_AGGRESSIVE;
				GCC_WARN_UNUSED_FUNCTION = YES;
				GCC_WARN_UNUSED_VARIABLE = YES;
				IPHONEOS_DEPLOYMENT_TARGET = 13.4;
				MTL_ENABLE_DEBUG_INFO = INCLUDE_SOURCE;
				MTL_FAST_MATH = YES;
				ONLY_ACTIVE_ARCH = YES;
				SDKROOT = iphoneos;
				SWIFT_ACTIVE_COMPILATION_CONDITIONS = DEBUG;
				SWIFT_OPTIMIZATION_LEVEL = "-Onone";
			};
			name = Debug;
		};
		CC2A6937244AEA8200379EA9 /* Release */ = {
			isa = XCBuildConfiguration;
			buildSettings = {
				ALWAYS_SEARCH_USER_PATHS = NO;
				CLANG_ANALYZER_NONNULL = YES;
				CLANG_ANALYZER_NUMBER_OBJECT_CONVERSION = YES_AGGRESSIVE;
				CLANG_CXX_LANGUAGE_STANDARD = "gnu++14";
				CLANG_CXX_LIBRARY = "libc++";
				CLANG_ENABLE_MODULES = YES;
				CLANG_ENABLE_OBJC_ARC = YES;
				CLANG_ENABLE_OBJC_WEAK = YES;
				CLANG_WARN_BLOCK_CAPTURE_AUTORELEASING = YES;
				CLANG_WARN_BOOL_CONVERSION = YES;
				CLANG_WARN_COMMA = YES;
				CLANG_WARN_CONSTANT_CONVERSION = YES;
				CLANG_WARN_DEPRECATED_OBJC_IMPLEMENTATIONS = YES;
				CLANG_WARN_DIRECT_OBJC_ISA_USAGE = YES_ERROR;
				CLANG_WARN_DOCUMENTATION_COMMENTS = YES;
				CLANG_WARN_EMPTY_BODY = YES;
				CLANG_WARN_ENUM_CONVERSION = YES;
				CLANG_WARN_INFINITE_RECURSION = YES;
				CLANG_WARN_INT_CONVERSION = YES;
				CLANG_WARN_NON_LITERAL_NULL_CONVERSION = YES;
				CLANG_WARN_OBJC_IMPLICIT_RETAIN_SELF = YES;
				CLANG_WARN_OBJC_LITERAL_CONVERSION = YES;
				CLANG_WARN_OBJC_ROOT_CLASS = YES_ERROR;
				CLANG_WARN_RANGE_LOOP_ANALYSIS = YES;
				CLANG_WARN_STRICT_PROTOTYPES = YES;
				CLANG_WARN_SUSPICIOUS_MOVE = YES;
				CLANG_WARN_UNGUARDED_AVAILABILITY = YES_AGGRESSIVE;
				CLANG_WARN_UNREACHABLE_CODE = YES;
				CLANG_WARN__DUPLICATE_METHOD_MATCH = YES;
				COPY_PHASE_STRIP = NO;
				DEBUG_INFORMATION_FORMAT = "dwarf-with-dsym";
				ENABLE_NS_ASSERTIONS = NO;
				ENABLE_STRICT_OBJC_MSGSEND = YES;
				GCC_C_LANGUAGE_STANDARD = gnu11;
				GCC_NO_COMMON_BLOCKS = YES;
				GCC_WARN_64_TO_32_BIT_CONVERSION = YES;
				GCC_WARN_ABOUT_RETURN_TYPE = YES_ERROR;
				GCC_WARN_UNDECLARED_SELECTOR = YES;
				GCC_WARN_UNINITIALIZED_AUTOS = YES_AGGRESSIVE;
				GCC_WARN_UNUSED_FUNCTION = YES;
				GCC_WARN_UNUSED_VARIABLE = YES;
				IPHONEOS_DEPLOYMENT_TARGET = 13.4;
				MTL_ENABLE_DEBUG_INFO = NO;
				MTL_FAST_MATH = YES;
				SDKROOT = iphoneos;
				SWIFT_COMPILATION_MODE = wholemodule;
				SWIFT_OPTIMIZATION_LEVEL = "-O";
				VALIDATE_PRODUCT = YES;
			};
			name = Release;
		};
		CC2A6939244AEA8200379EA9 /* Debug */ = {
			isa = XCBuildConfiguration;
			baseConfigurationReference = 4E674989BED31BCEC55105C0 /* Pods-iOS_Week1_Exercise_Login.debug.xcconfig */;
			buildSettings = {
				ASSETCATALOG_COMPILER_APPICON_NAME = AppIcon;
				CODE_SIGN_STYLE = Automatic;
				INFOPLIST_FILE = iOS_Week1_Exercise_Login/Info.plist;
				LD_RUNPATH_SEARCH_PATHS = (
					"$(inherited)",
					"@executable_path/Frameworks",
				);
				PRODUCT_BUNDLE_IDENTIFIER = "jyyang.iOS-Week1-Exercise-Login";
				PRODUCT_NAME = "$(TARGET_NAME)";
				SWIFT_VERSION = 5.0;
				TARGETED_DEVICE_FAMILY = "1,2";
			};
			name = Debug;
		};
		CC2A693A244AEA8200379EA9 /* Release */ = {
			isa = XCBuildConfiguration;
			baseConfigurationReference = 6E8DF582EB3CCA5B78D044AF /* Pods-iOS_Week1_Exercise_Login.release.xcconfig */;
			buildSettings = {
				ASSETCATALOG_COMPILER_APPICON_NAME = AppIcon;
				CODE_SIGN_STYLE = Automatic;
				INFOPLIST_FILE = iOS_Week1_Exercise_Login/Info.plist;
				LD_RUNPATH_SEARCH_PATHS = (
					"$(inherited)",
					"@executable_path/Frameworks",
				);
				PRODUCT_BUNDLE_IDENTIFIER = "jyyang.iOS-Week1-Exercise-Login";
				PRODUCT_NAME = "$(TARGET_NAME)";
				SWIFT_VERSION = 5.0;
				TARGETED_DEVICE_FAMILY = "1,2";
			};
			name = Release;
		};
/* End XCBuildConfiguration section */

/* Begin XCConfigurationList section */
		CC2A691F244AEA7F00379EA9 /* Build configuration list for PBXProject "iOS_Week1_Exercise_Login" */ = {
			isa = XCConfigurationList;
			buildConfigurations = (
				CC2A6936244AEA8200379EA9 /* Debug */,
				CC2A6937244AEA8200379EA9 /* Release */,
			);
			defaultConfigurationIsVisible = 0;
			defaultConfigurationName = Release;
		};
		CC2A6938244AEA8200379EA9 /* Build configuration list for PBXNativeTarget "iOS_Week1_Exercise_Login" */ = {
			isa = XCConfigurationList;
			buildConfigurations = (
				CC2A6939244AEA8200379EA9 /* Debug */,
				CC2A693A244AEA8200379EA9 /* Release */,
			);
			defaultConfigurationIsVisible = 0;
			defaultConfigurationName = Release;
		};
/* End XCConfigurationList section */
	};
	rootObject = CC2A691C244AEA7F00379EA9 /* Project object */;
}
