// !$*UTF8*$!
{
	archiveVersion = 1;
	classes = {
	};
	objectVersion = 51;
	objects = {

/* Begin PBXBuildFile section */
		6F64C5E6BE1DF9CB1A3F30E8 /* Pods_iOS_Week2_3_assignment.framework in Frameworks */ = {isa = PBXBuildFile; fileRef = D4705EFB0CA1C99718F90147 /* Pods_iOS_Week2_3_assignment.framework */; };
		CC12EB962468347500A52EAB /* LoginViewController.swift in Sources */ = {isa = PBXBuildFile; fileRef = CC12EB952468347500A52EAB /* LoginViewController.swift */; };
		CC317C8E246E54E900FE9DF1 /* Extensions+UIColor.swift in Sources */ = {isa = PBXBuildFile; fileRef = CC317C8D246E54E900FE9DF1 /* Extensions+UIColor.swift */; };
		CC317C90246E5AF900FE9DF1 /* SignUpViewController.swift in Sources */ = {isa = PBXBuildFile; fileRef = CC317C8F246E5AF900FE9DF1 /* SignUpViewController.swift */; };
		CC58A31B246814B600ACC4B7 /* AppDelegate.swift in Sources */ = {isa = PBXBuildFile; fileRef = CC58A31A246814B600ACC4B7 /* AppDelegate.swift */; };
		CC58A31D246814B600ACC4B7 /* SceneDelegate.swift in Sources */ = {isa = PBXBuildFile; fileRef = CC58A31C246814B600ACC4B7 /* SceneDelegate.swift */; };
		CC58A31F246814B600ACC4B7 /* SoptVC.swift in Sources */ = {isa = PBXBuildFile; fileRef = CC58A31E246814B600ACC4B7 /* SoptVC.swift */; };
		CC58A322246814B600ACC4B7 /* Main.storyboard in Resources */ = {isa = PBXBuildFile; fileRef = CC58A320246814B600ACC4B7 /* Main.storyboard */; };
		CC58A324246814B900ACC4B7 /* Assets.xcassets in Resources */ = {isa = PBXBuildFile; fileRef = CC58A323246814B900ACC4B7 /* Assets.xcassets */; };
		CC58A327246814B900ACC4B7 /* LaunchScreen.storyboard in Resources */ = {isa = PBXBuildFile; fileRef = CC58A325246814B900ACC4B7 /* LaunchScreen.storyboard */; };
		CCB49F76246E87BC00CFD9D5 /* FriendViewController.swift in Sources */ = {isa = PBXBuildFile; fileRef = CCB49F75246E87BC00CFD9D5 /* FriendViewController.swift */; };
		CCB49F7B246EA9E500CFD9D5 /* ProfileCell.swift in Sources */ = {isa = PBXBuildFile; fileRef = CCB49F7A246EA9E500CFD9D5 /* ProfileCell.swift */; };
		CCB49F7D246EBB3700CFD9D5 /* Friends.swift in Sources */ = {isa = PBXBuildFile; fileRef = CCB49F7C246EBB3700CFD9D5 /* Friends.swift */; };
		CCD627BD246FD3DC00B6E6AF /* APIConstants.swift in Sources */ = {isa = PBXBuildFile; fileRef = CCD627BC246FD3DC00B6E6AF /* APIConstants.swift */; };
		CCD627C3246FD7FE00B6E6AF /* NetworkResult.swift in Sources */ = {isa = PBXBuildFile; fileRef = CCD627BE246FD7FE00B6E6AF /* NetworkResult.swift */; };
		CCD627C4246FD7FE00B6E6AF /* SigninData.swift in Sources */ = {isa = PBXBuildFile; fileRef = CCD627C0246FD7FE00B6E6AF /* SigninData.swift */; };
		CCD627C5246FD7FE00B6E6AF /* SignupData.swift in Sources */ = {isa = PBXBuildFile; fileRef = CCD627C2246FD7FE00B6E6AF /* SignupData.swift */; };
		CCD627C7246FD7FE00B6E6AF /* SignupService.swift in Sources */ = {isa = PBXBuildFile; fileRef = CCD627C1246FD7FE00B6E6AF /* SignupService.swift */; };
		CCD627C9246FD86200B6E6AF /* LoginService.swift in Sources */ = {isa = PBXBuildFile; fileRef = CCD627C8246FD86200B6E6AF /* LoginService.swift */; };
		CCD627CE2477D81000B6E6AF /* SignUpVC.swift in Sources */ = {isa = PBXBuildFile; fileRef = CCD627CD2477D81000B6E6AF /* SignUpVC.swift */; };
/* End PBXBuildFile section */

/* Begin PBXFileReference section */
		064B5EF67C9B30B5AF502DE7 /* Pods-iOS_Week2_3_assignment.debug.xcconfig */ = {isa = PBXFileReference; includeInIndex = 1; lastKnownFileType = text.xcconfig; name = "Pods-iOS_Week2_3_assignment.debug.xcconfig"; path = "Target Support Files/Pods-iOS_Week2_3_assignment/Pods-iOS_Week2_3_assignment.debug.xcconfig"; sourceTree = "<group>"; };
		366CB76E98FF1E1E6600BF86 /* Pods-iOS_Week2_3_assignment.release.xcconfig */ = {isa = PBXFileReference; includeInIndex = 1; lastKnownFileType = text.xcconfig; name = "Pods-iOS_Week2_3_assignment.release.xcconfig"; path = "Target Support Files/Pods-iOS_Week2_3_assignment/Pods-iOS_Week2_3_assignment.release.xcconfig"; sourceTree = "<group>"; };
		CC12EB952468347500A52EAB /* LoginViewController.swift */ = {isa = PBXFileReference; lastKnownFileType = sourcecode.swift; path = LoginViewController.swift; sourceTree = "<group>"; };
		CC317C8D246E54E900FE9DF1 /* Extensions+UIColor.swift */ = {isa = PBXFileReference; lastKnownFileType = sourcecode.swift; path = "Extensions+UIColor.swift"; sourceTree = "<group>"; };
		CC317C8F246E5AF900FE9DF1 /* SignUpViewController.swift */ = {isa = PBXFileReference; lastKnownFileType = sourcecode.swift; path = SignUpViewController.swift; sourceTree = "<group>"; };
		CC58A317246814B600ACC4B7 /* iOS_Week2_3_assignment.app */ = {isa = PBXFileReference; explicitFileType = wrapper.application; includeInIndex = 0; path = iOS_Week2_3_assignment.app; sourceTree = BUILT_PRODUCTS_DIR; };
		CC58A31A246814B600ACC4B7 /* AppDelegate.swift */ = {isa = PBXFileReference; lastKnownFileType = sourcecode.swift; path = AppDelegate.swift; sourceTree = "<group>"; };
		CC58A31C246814B600ACC4B7 /* SceneDelegate.swift */ = {isa = PBXFileReference; lastKnownFileType = sourcecode.swift; path = SceneDelegate.swift; sourceTree = "<group>"; };
		CC58A31E246814B600ACC4B7 /* SoptVC.swift */ = {isa = PBXFileReference; lastKnownFileType = sourcecode.swift; path = SoptVC.swift; sourceTree = "<group>"; };
		CC58A321246814B600ACC4B7 /* Base */ = {isa = PBXFileReference; lastKnownFileType = file.storyboard; name = Base; path = Base.lproj/Main.storyboard; sourceTree = "<group>"; };
		CC58A323246814B900ACC4B7 /* Assets.xcassets */ = {isa = PBXFileReference; lastKnownFileType = folder.assetcatalog; path = Assets.xcassets; sourceTree = "<group>"; };
		CC58A326246814B900ACC4B7 /* Base */ = {isa = PBXFileReference; lastKnownFileType = file.storyboard; name = Base; path = Base.lproj/LaunchScreen.storyboard; sourceTree = "<group>"; };
		CC58A328246814B900ACC4B7 /* Info.plist */ = {isa = PBXFileReference; lastKnownFileType = text.plist.xml; path = Info.plist; sourceTree = "<group>"; };
		CCB49F75246E87BC00CFD9D5 /* FriendViewController.swift */ = {isa = PBXFileReference; lastKnownFileType = sourcecode.swift; path = FriendViewController.swift; sourceTree = "<group>"; };
		CCB49F7A246EA9E500CFD9D5 /* ProfileCell.swift */ = {isa = PBXFileReference; lastKnownFileType = sourcecode.swift; path = ProfileCell.swift; sourceTree = "<group>"; };
		CCB49F7C246EBB3700CFD9D5 /* Friends.swift */ = {isa = PBXFileReference; lastKnownFileType = sourcecode.swift; path = Friends.swift; sourceTree = "<group>"; };
		CCD627BC246FD3DC00B6E6AF /* APIConstants.swift */ = {isa = PBXFileReference; lastKnownFileType = sourcecode.swift; path = APIConstants.swift; sourceTree = "<group>"; };
		CCD627BE246FD7FE00B6E6AF /* NetworkResult.swift */ = {isa = PBXFileReference; lastKnownFileType = sourcecode.swift; name = NetworkResult.swift; path = /Users/JiyoungYang/YangJiYoung/iOS_Week2_3_assignment/iOS_Week2_3_assignment/Resource/NetworkResult.swift; sourceTree = "<absolute>"; };
		CCD627C0246FD7FE00B6E6AF /* SigninData.swift */ = {isa = PBXFileReference; lastKnownFileType = sourcecode.swift; name = SigninData.swift; path = /Users/JiyoungYang/YangJiYoung/iOS_Week2_3_assignment/iOS_Week2_3_assignment/Resource/SigninData.swift; sourceTree = "<absolute>"; };
		CCD627C1246FD7FE00B6E6AF /* SignupService.swift */ = {isa = PBXFileReference; lastKnownFileType = sourcecode.swift; name = SignupService.swift; path = /Users/JiyoungYang/YangJiYoung/iOS_Week2_3_assignment/iOS_Week2_3_assignment/Resource/SignupService.swift; sourceTree = "<absolute>"; };
		CCD627C2246FD7FE00B6E6AF /* SignupData.swift */ = {isa = PBXFileReference; lastKnownFileType = sourcecode.swift; name = SignupData.swift; path = /Users/JiyoungYang/YangJiYoung/iOS_Week2_3_assignment/iOS_Week2_3_assignment/Resource/SignupData.swift; sourceTree = "<absolute>"; };
		CCD627C8246FD86200B6E6AF /* LoginService.swift */ = {isa = PBXFileReference; lastKnownFileType = sourcecode.swift; name = LoginService.swift; path = /Users/JiyoungYang/YangJiYoung/iOS_Week2_3_assignment/iOS_Week2_3_assignment/Resource/LoginService.swift; sourceTree = "<absolute>"; };
		CCD627CD2477D81000B6E6AF /* SignUpVC.swift */ = {isa = PBXFileReference; lastKnownFileType = sourcecode.swift; path = SignUpVC.swift; sourceTree = "<group>"; };
		D4705EFB0CA1C99718F90147 /* Pods_iOS_Week2_3_assignment.framework */ = {isa = PBXFileReference; explicitFileType = wrapper.framework; includeInIndex = 0; path = Pods_iOS_Week2_3_assignment.framework; sourceTree = BUILT_PRODUCTS_DIR; };
/* End PBXFileReference section */

/* Begin PBXFrameworksBuildPhase section */
		CC58A314246814B600ACC4B7 /* Frameworks */ = {
			isa = PBXFrameworksBuildPhase;
			buildActionMask = 2147483647;
			files = (
				6F64C5E6BE1DF9CB1A3F30E8 /* Pods_iOS_Week2_3_assignment.framework in Frameworks */,
			);
			runOnlyForDeploymentPostprocessing = 0;
		};
/* End PBXFrameworksBuildPhase section */

/* Begin PBXGroup section */
		3B72D1B43590DABF14E6E70C /* Pods */ = {
			isa = PBXGroup;
			children = (
				064B5EF67C9B30B5AF502DE7 /* Pods-iOS_Week2_3_assignment.debug.xcconfig */,
				366CB76E98FF1E1E6600BF86 /* Pods-iOS_Week2_3_assignment.release.xcconfig */,
			);
			path = Pods;
			sourceTree = "<group>";
		};
		3D8D573C246E6F2D008AE141 /* Source */ = {
			isa = PBXGroup;
			children = (
				CCB49F7C246EBB3700CFD9D5 /* Friends.swift */,
				3D8D573F246E6F50008AE141 /* Delgates */,
				CCB49F77246EA86100CFD9D5 /* Cells */,
				3D8D573D246E6F2D008AE141 /* ViewControllers */,
			);
			path = Source;
			sourceTree = "<group>";
		};
		3D8D573D246E6F2D008AE141 /* ViewControllers */ = {
			isa = PBXGroup;
			children = (
				CCB49F75246E87BC00CFD9D5 /* FriendViewController.swift */,
				CC58A31E246814B600ACC4B7 /* SoptVC.swift */,
				CC317C8F246E5AF900FE9DF1 /* SignUpViewController.swift */,
				CC12EB952468347500A52EAB /* LoginViewController.swift */,
				CCD627CD2477D81000B6E6AF /* SignUpVC.swift */,
			);
			path = ViewControllers;
			sourceTree = "<group>";
		};
		3D8D573F246E6F50008AE141 /* Delgates */ = {
			isa = PBXGroup;
			children = (
				CC58A31A246814B600ACC4B7 /* AppDelegate.swift */,
				CC58A31C246814B600ACC4B7 /* SceneDelegate.swift */,
			);
			path = Delgates;
			sourceTree = "<group>";
		};
		A2AD04FEBB1DFB497D44101E /* Frameworks */ = {
			isa = PBXGroup;
			children = (
				D4705EFB0CA1C99718F90147 /* Pods_iOS_Week2_3_assignment.framework */,
			);
			name = Frameworks;
			sourceTree = "<group>";
		};
		CC58A30E246814B600ACC4B7 = {
			isa = PBXGroup;
			children = (
				CC58A319246814B600ACC4B7 /* iOS_Week2_assignment */,
				CC58A318246814B600ACC4B7 /* Products */,
				3B72D1B43590DABF14E6E70C /* Pods */,
				A2AD04FEBB1DFB497D44101E /* Frameworks */,
			);
			sourceTree = "<group>";
		};
		CC58A318246814B600ACC4B7 /* Products */ = {
			isa = PBXGroup;
			children = (
				CC58A317246814B600ACC4B7 /* iOS_Week2_3_assignment.app */,
			);
			name = Products;
			sourceTree = "<group>";
		};
		CC58A319246814B600ACC4B7 /* iOS_Week2_assignment */ = {
			isa = PBXGroup;
			children = (
				CC58A328246814B900ACC4B7 /* Info.plist */,
				3D8D573C246E6F2D008AE141 /* Source */,
				CCD627B2246FADCD00B6E6AF /* Resource */,
			);
			name = iOS_Week2_assignment;
			path = iOS_Week2_3_assignment;
			sourceTree = "<group>";
		};
		CCB49F77246EA86100CFD9D5 /* Cells */ = {
			isa = PBXGroup;
			children = (
				CCB49F7A246EA9E500CFD9D5 /* ProfileCell.swift */,
			);
			path = Cells;
			sourceTree = "<group>";
		};
		CCD627B2246FADCD00B6E6AF /* Resource */ = {
			isa = PBXGroup;
			children = (
				CC317C8D246E54E900FE9DF1 /* Extensions+UIColor.swift */,
				CCD627CB2477D3B700B6E6AF /* Network */,
				CCD627CA246FD8B500B6E6AF /* StoryBoard */,
				CC58A323246814B900ACC4B7 /* Assets.xcassets */,
			);
			path = Resource;
			sourceTree = "<group>";
		};
		CCD627CA246FD8B500B6E6AF /* StoryBoard */ = {
			isa = PBXGroup;
			children = (
				CC58A320246814B600ACC4B7 /* Main.storyboard */,
				CC58A325246814B900ACC4B7 /* LaunchScreen.storyboard */,
			);
			path = StoryBoard;
			sourceTree = "<group>";
		};
		CCD627CB2477D3B700B6E6AF /* Network */ = {
			isa = PBXGroup;
			children = (
				CCD627C2246FD7FE00B6E6AF /* SignupData.swift */,
				CCD627C8246FD86200B6E6AF /* LoginService.swift */,
				CCD627BE246FD7FE00B6E6AF /* NetworkResult.swift */,
				CCD627C1246FD7FE00B6E6AF /* SignupService.swift */,
				CCD627C0246FD7FE00B6E6AF /* SigninData.swift */,
				CCD627BC246FD3DC00B6E6AF /* APIConstants.swift */,
			);
			path = Network;
			sourceTree = "<group>";
		};
/* End PBXGroup section */

/* Begin PBXNativeTarget section */
		CC58A316246814B600ACC4B7 /* iOS_Week2_3_assignment */ = {
			isa = PBXNativeTarget;
			buildConfigurationList = CC58A32B246814B900ACC4B7 /* Build configuration list for PBXNativeTarget "iOS_Week2_3_assignment" */;
			buildPhases = (
				08D9FF1C35FA37A5061C80F9 /* [CP] Check Pods Manifest.lock */,
				CC58A313246814B600ACC4B7 /* Sources */,
				CC58A314246814B600ACC4B7 /* Frameworks */,
				CC58A315246814B600ACC4B7 /* Resources */,
				F048760F7AD1E9925B432388 /* [CP] Embed Pods Frameworks */,
			);
			buildRules = (
			);
			dependencies = (
			);
			name = iOS_Week2_3_assignment;
			productName = iOS_Week2_assignment;
			productReference = CC58A317246814B600ACC4B7 /* iOS_Week2_3_assignment.app */;
			productType = "com.apple.product-type.application";
		};
/* End PBXNativeTarget section */

/* Begin PBXProject section */
		CC58A30F246814B600ACC4B7 /* Project object */ = {
			isa = PBXProject;
			attributes = {
				LastSwiftUpdateCheck = 1140;
				LastUpgradeCheck = 1140;
				ORGANIZATIONNAME = "양지영";
				TargetAttributes = {
					CC58A316246814B600ACC4B7 = {
						CreatedOnToolsVersion = 11.4.1;
					};
				};
			};
			buildConfigurationList = CC58A312246814B600ACC4B7 /* Build configuration list for PBXProject "iOS_Week2_3_assignment" */;
			compatibilityVersion = "Xcode 9.3";
			developmentRegion = en;
			hasScannedForEncodings = 0;
			knownRegions = (
				en,
				Base,
			);
			mainGroup = CC58A30E246814B600ACC4B7;
			productRefGroup = CC58A318246814B600ACC4B7 /* Products */;
			projectDirPath = "";
			projectRoot = "";
			targets = (
				CC58A316246814B600ACC4B7 /* iOS_Week2_3_assignment */,
			);
		};
/* End PBXProject section */

/* Begin PBXResourcesBuildPhase section */
		CC58A315246814B600ACC4B7 /* Resources */ = {
			isa = PBXResourcesBuildPhase;
			buildActionMask = 2147483647;
			files = (
				CC58A327246814B900ACC4B7 /* LaunchScreen.storyboard in Resources */,
				CC58A324246814B900ACC4B7 /* Assets.xcassets in Resources */,
				CC58A322246814B600ACC4B7 /* Main.storyboard in Resources */,
			);
			runOnlyForDeploymentPostprocessing = 0;
		};
/* End PBXResourcesBuildPhase section */

/* Begin PBXShellScriptBuildPhase section */
		08D9FF1C35FA37A5061C80F9 /* [CP] Check Pods Manifest.lock */ = {
			isa = PBXShellScriptBuildPhase;
			buildActionMask = 2147483647;
			files = (
			);
			inputFileListPaths = (
			);
			inputPaths = (
				"${PODS_PODFILE_DIR_PATH}/Podfile.lock",
				"${PODS_ROOT}/Manifest.lock",
			);
			name = "[CP] Check Pods Manifest.lock";
			outputFileListPaths = (
			);
			outputPaths = (
				"$(DERIVED_FILE_DIR)/Pods-iOS_Week2_3_assignment-checkManifestLockResult.txt",
			);
			runOnlyForDeploymentPostprocessing = 0;
			shellPath = /bin/sh;
			shellScript = "diff \"${PODS_PODFILE_DIR_PATH}/Podfile.lock\" \"${PODS_ROOT}/Manifest.lock\" > /dev/null\nif [ $? != 0 ] ; then\n    # print error to STDERR\n    echo \"error: The sandbox is not in sync with the Podfile.lock. Run 'pod install' or update your CocoaPods installation.\" >&2\n    exit 1\nfi\n# This output is used by Xcode 'outputs' to avoid re-running this script phase.\necho \"SUCCESS\" > \"${SCRIPT_OUTPUT_FILE_0}\"\n";
			showEnvVarsInLog = 0;
		};
		F048760F7AD1E9925B432388 /* [CP] Embed Pods Frameworks */ = {
			isa = PBXShellScriptBuildPhase;
			buildActionMask = 2147483647;
			files = (
			);
			inputFileListPaths = (
				"${PODS_ROOT}/Target Support Files/Pods-iOS_Week2_3_assignment/Pods-iOS_Week2_3_assignment-frameworks-${CONFIGURATION}-input-files.xcfilelist",
			);
			name = "[CP] Embed Pods Frameworks";
			outputFileListPaths = (
				"${PODS_ROOT}/Target Support Files/Pods-iOS_Week2_3_assignment/Pods-iOS_Week2_3_assignment-frameworks-${CONFIGURATION}-output-files.xcfilelist",
			);
			runOnlyForDeploymentPostprocessing = 0;
			shellPath = /bin/sh;
			shellScript = "\"${PODS_ROOT}/Target Support Files/Pods-iOS_Week2_3_assignment/Pods-iOS_Week2_3_assignment-frameworks.sh\"\n";
			showEnvVarsInLog = 0;
		};
/* End PBXShellScriptBuildPhase section */

/* Begin PBXSourcesBuildPhase section */
		CC58A313246814B600ACC4B7 /* Sources */ = {
			isa = PBXSourcesBuildPhase;
			buildActionMask = 2147483647;
			files = (
				CC317C90246E5AF900FE9DF1 /* SignUpViewController.swift in Sources */,
				CC12EB962468347500A52EAB /* LoginViewController.swift in Sources */,
				CCD627C3246FD7FE00B6E6AF /* NetworkResult.swift in Sources */,
				CCD627C7246FD7FE00B6E6AF /* SignupService.swift in Sources */,
				CC58A31F246814B600ACC4B7 /* SoptVC.swift in Sources */,
				CCB49F76246E87BC00CFD9D5 /* FriendViewController.swift in Sources */,
				CCD627C4246FD7FE00B6E6AF /* SigninData.swift in Sources */,
				CCD627C9246FD86200B6E6AF /* LoginService.swift in Sources */,
				CCD627CE2477D81000B6E6AF /* SignUpVC.swift in Sources */,
				CCB49F7D246EBB3700CFD9D5 /* Friends.swift in Sources */,
				CC58A31B246814B600ACC4B7 /* AppDelegate.swift in Sources */,
				CCD627BD246FD3DC00B6E6AF /* APIConstants.swift in Sources */,
				CCB49F7B246EA9E500CFD9D5 /* ProfileCell.swift in Sources */,
				CC58A31D246814B600ACC4B7 /* SceneDelegate.swift in Sources */,
				CCD627C5246FD7FE00B6E6AF /* SignupData.swift in Sources */,
				CC317C8E246E54E900FE9DF1 /* Extensions+UIColor.swift in Sources */,
			);
			runOnlyForDeploymentPostprocessing = 0;
		};
/* End PBXSourcesBuildPhase section */

/* Begin PBXVariantGroup section */
		CC58A320246814B600ACC4B7 /* Main.storyboard */ = {
			isa = PBXVariantGroup;
			children = (
				CC58A321246814B600ACC4B7 /* Base */,
			);
			name = Main.storyboard;
			sourceTree = "<group>";
		};
		CC58A325246814B900ACC4B7 /* LaunchScreen.storyboard */ = {
			isa = PBXVariantGroup;
			children = (
				CC58A326246814B900ACC4B7 /* Base */,
			);
			name = LaunchScreen.storyboard;
			sourceTree = "<group>";
		};
/* End PBXVariantGroup section */

/* Begin XCBuildConfiguration section */
		CC58A329246814B900ACC4B7 /* Debug */ = {
			isa = XCBuildConfiguration;
			buildSettings = {
				ALWAYS_SEARCH_USER_PATHS = NO;
				CLANG_ANALYZER_NONNULL = YES;
				CLANG_ANALYZER_NUMBER_OBJECT_CONVERSION = YES_AGGRESSIVE;
				CLANG_CXX_LANGUAGE_STANDARD = "gnu++14";
				CLANG_CXX_LIBRARY = "libc++";
				CLANG_ENABLE_MODULES = YES;
				CLANG_ENABLE_OBJC_ARC = YES;
				CLANG_ENABLE_OBJC_WEAK = YES;
				CLANG_WARN_BLOCK_CAPTURE_AUTORELEASING = YES;
				CLANG_WARN_BOOL_CONVERSION = YES;
				CLANG_WARN_COMMA = YES;
				CLANG_WARN_CONSTANT_CONVERSION = YES;
				CLANG_WARN_DEPRECATED_OBJC_IMPLEMENTATIONS = YES;
				CLANG_WARN_DIRECT_OBJC_ISA_USAGE = YES_ERROR;
				CLANG_WARN_DOCUMENTATION_COMMENTS = YES;
				CLANG_WARN_EMPTY_BODY = YES;
				CLANG_WARN_ENUM_CONVERSION = YES;
				CLANG_WARN_INFINITE_RECURSION = YES;
				CLANG_WARN_INT_CONVERSION = YES;
				CLANG_WARN_NON_LITERAL_NULL_CONVERSION = YES;
				CLANG_WARN_OBJC_IMPLICIT_RETAIN_SELF = YES;
				CLANG_WARN_OBJC_LITERAL_CONVERSION = YES;
				CLANG_WARN_OBJC_ROOT_CLASS = YES_ERROR;
				CLANG_WARN_RANGE_LOOP_ANALYSIS = YES;
				CLANG_WARN_STRICT_PROTOTYPES = YES;
				CLANG_WARN_SUSPICIOUS_MOVE = YES;
				CLANG_WARN_UNGUARDED_AVAILABILITY = YES_AGGRESSIVE;
				CLANG_WARN_UNREACHABLE_CODE = YES;
				CLANG_WARN__DUPLICATE_METHOD_MATCH = YES;
				COPY_PHASE_STRIP = NO;
				DEBUG_INFORMATION_FORMAT = dwarf;
				ENABLE_STRICT_OBJC_MSGSEND = YES;
				ENABLE_TESTABILITY = YES;
				GCC_C_LANGUAGE_STANDARD = gnu11;
				GCC_DYNAMIC_NO_PIC = NO;
				GCC_NO_COMMON_BLOCKS = YES;
				GCC_OPTIMIZATION_LEVEL = 0;
				GCC_PREPROCESSOR_DEFINITIONS = (
					"DEBUG=1",
					"$(inherited)",
				);
				GCC_WARN_64_TO_32_BIT_CONVERSION = YES;
				GCC_WARN_ABOUT_RETURN_TYPE = YES_ERROR;
				GCC_WARN_UNDECLARED_SELECTOR = YES;
				GCC_WARN_UNINITIALIZED_AUTOS = YES_AGGRESSIVE;
				GCC_WARN_UNUSED_FUNCTION = YES;
				GCC_WARN_UNUSED_VARIABLE = YES;
				IPHONEOS_DEPLOYMENT_TARGET = 13.4;
				MTL_ENABLE_DEBUG_INFO = INCLUDE_SOURCE;
				MTL_FAST_MATH = YES;
				ONLY_ACTIVE_ARCH = YES;
				SDKROOT = iphoneos;
				SWIFT_ACTIVE_COMPILATION_CONDITIONS = DEBUG;
				SWIFT_OPTIMIZATION_LEVEL = "-Onone";
			};
			name = Debug;
		};
		CC58A32A246814B900ACC4B7 /* Release */ = {
			isa = XCBuildConfiguration;
			buildSettings = {
				ALWAYS_SEARCH_USER_PATHS = NO;
				CLANG_ANALYZER_NONNULL = YES;
				CLANG_ANALYZER_NUMBER_OBJECT_CONVERSION = YES_AGGRESSIVE;
				CLANG_CXX_LANGUAGE_STANDARD = "gnu++14";
				CLANG_CXX_LIBRARY = "libc++";
				CLANG_ENABLE_MODULES = YES;
				CLANG_ENABLE_OBJC_ARC = YES;
				CLANG_ENABLE_OBJC_WEAK = YES;
				CLANG_WARN_BLOCK_CAPTURE_AUTORELEASING = YES;
				CLANG_WARN_BOOL_CONVERSION = YES;
				CLANG_WARN_COMMA = YES;
				CLANG_WARN_CONSTANT_CONVERSION = YES;
				CLANG_WARN_DEPRECATED_OBJC_IMPLEMENTATIONS = YES;
				CLANG_WARN_DIRECT_OBJC_ISA_USAGE = YES_ERROR;
				CLANG_WARN_DOCUMENTATION_COMMENTS = YES;
				CLANG_WARN_EMPTY_BODY = YES;
				CLANG_WARN_ENUM_CONVERSION = YES;
				CLANG_WARN_INFINITE_RECURSION = YES;
				CLANG_WARN_INT_CONVERSION = YES;
				CLANG_WARN_NON_LITERAL_NULL_CONVERSION = YES;
				CLANG_WARN_OBJC_IMPLICIT_RETAIN_SELF = YES;
				CLANG_WARN_OBJC_LITERAL_CONVERSION = YES;
				CLANG_WARN_OBJC_ROOT_CLASS = YES_ERROR;
				CLANG_WARN_RANGE_LOOP_ANALYSIS = YES;
				CLANG_WARN_STRICT_PROTOTYPES = YES;
				CLANG_WARN_SUSPICIOUS_MOVE = YES;
				CLANG_WARN_UNGUARDED_AVAILABILITY = YES_AGGRESSIVE;
				CLANG_WARN_UNREACHABLE_CODE = YES;
				CLANG_WARN__DUPLICATE_METHOD_MATCH = YES;
				COPY_PHASE_STRIP = NO;
				DEBUG_INFORMATION_FORMAT = "dwarf-with-dsym";
				ENABLE_NS_ASSERTIONS = NO;
				ENABLE_STRICT_OBJC_MSGSEND = YES;
				GCC_C_LANGUAGE_STANDARD = gnu11;
				GCC_NO_COMMON_BLOCKS = YES;
				GCC_WARN_64_TO_32_BIT_CONVERSION = YES;
				GCC_WARN_ABOUT_RETURN_TYPE = YES_ERROR;
				GCC_WARN_UNDECLARED_SELECTOR = YES;
				GCC_WARN_UNINITIALIZED_AUTOS = YES_AGGRESSIVE;
				GCC_WARN_UNUSED_FUNCTION = YES;
				GCC_WARN_UNUSED_VARIABLE = YES;
				IPHONEOS_DEPLOYMENT_TARGET = 13.4;
				MTL_ENABLE_DEBUG_INFO = NO;
				MTL_FAST_MATH = YES;
				SDKROOT = iphoneos;
				SWIFT_COMPILATION_MODE = wholemodule;
				SWIFT_OPTIMIZATION_LEVEL = "-O";
				VALIDATE_PRODUCT = YES;
			};
			name = Release;
		};
		CC58A32C246814B900ACC4B7 /* Debug */ = {
			isa = XCBuildConfiguration;
			baseConfigurationReference = 064B5EF67C9B30B5AF502DE7 /* Pods-iOS_Week2_3_assignment.debug.xcconfig */;
			buildSettings = {
				ASSETCATALOG_COMPILER_APPICON_NAME = AppIcon;
				CODE_SIGN_STYLE = Automatic;
				INFOPLIST_FILE = "$(SRCROOT)/iOS_Week2_3_assignment/Info.plist";
				LD_RUNPATH_SEARCH_PATHS = (
					"$(inherited)",
					"@executable_path/Frameworks",
				);
				PRODUCT_BUNDLE_IDENTIFIER = "jyyang.iOS-Week2-3-assignment";
				PRODUCT_NAME = "$(TARGET_NAME)";
				SWIFT_VERSION = 5.0;
				TARGETED_DEVICE_FAMILY = "1,2";
			};
			name = Debug;
		};
		CC58A32D246814B900ACC4B7 /* Release */ = {
			isa = XCBuildConfiguration;
			baseConfigurationReference = 366CB76E98FF1E1E6600BF86 /* Pods-iOS_Week2_3_assignment.release.xcconfig */;
			buildSettings = {
				ASSETCATALOG_COMPILER_APPICON_NAME = AppIcon;
				CODE_SIGN_STYLE = Automatic;
				INFOPLIST_FILE = "$(SRCROOT)/iOS_Week2_3_assignment/Info.plist";
				LD_RUNPATH_SEARCH_PATHS = (
					"$(inherited)",
					"@executable_path/Frameworks",
				);
				PRODUCT_BUNDLE_IDENTIFIER = "jyyang.iOS-Week2-3-assignment";
				PRODUCT_NAME = "$(TARGET_NAME)";
				SWIFT_VERSION = 5.0;
				TARGETED_DEVICE_FAMILY = "1,2";
			};
			name = Release;
		};
/* End XCBuildConfiguration section */

/* Begin XCConfigurationList section */
		CC58A312246814B600ACC4B7 /* Build configuration list for PBXProject "iOS_Week2_3_assignment" */ = {
			isa = XCConfigurationList;
			buildConfigurations = (
				CC58A329246814B900ACC4B7 /* Debug */,
				CC58A32A246814B900ACC4B7 /* Release */,
			);
			defaultConfigurationIsVisible = 0;
			defaultConfigurationName = Release;
		};
		CC58A32B246814B900ACC4B7 /* Build configuration list for PBXNativeTarget "iOS_Week2_3_assignment" */ = {
			isa = XCConfigurationList;
			buildConfigurations = (
				CC58A32C246814B900ACC4B7 /* Debug */,
				CC58A32D246814B900ACC4B7 /* Release */,
			);
			defaultConfigurationIsVisible = 0;
			defaultConfigurationName = Release;
		};
/* End XCConfigurationList section */
	};
	rootObject = CC58A30F246814B600ACC4B7 /* Project object */;
}
